
Microsoft Visual Studio Solution File, Format Version 12.00
# Visual Studio 15
VisualStudioVersion = 15.0.28307.421
MinimumVisualStudioVersion = 10.0.40219.1
Project("{FAE04EC0-301F-11D3-BF4B-00C04F79EFBC}") = "Agenda", "Agenda\Agenda.csproj", "{652E303C-A3B5-4386-B2C7-EF2F26595F5D}"
EndProject
Project("{FAE04EC0-301F-11D3-BF4B-00C04F79EFBC}") = "Calculator", "Calculator\Calculator.csproj", "{0BDD9C51-01B7-416D-BDBD-1BCAFADE23F3}"
EndProject
Project("{FAE04EC0-301F-11D3-BF4B-00C04F79EFBC}") = "ServiceAutoClassLibrary", "ServiceAutoClassLibrary\ServiceAutoClassLibrary.csproj", "{32895C7C-74E1-4E9E-A41A-B7AC91F8E6FD}"
EndProject
Project("{FAE04EC0-301F-11D3-BF4B-00C04F79EFBC}") = "ServiceAutoClassTesting", "ServiceAutoClassTesting\ServiceAutoClassTesting.csproj", "{565B9D4D-98BD-454B-8661-A708EDFA98C1}"
EndProject
Project("{FAE04EC0-301F-11D3-BF4B-00C04F79EFBC}") = "ServiceAutoWinForm", "ServiceAutoWinForm\ServiceAutoWinForm.csproj", "{4CFA7767-8886-4DE4-B6E5-0DFACC5A82BC}"
EndProject
Project("{FAE04EC0-301F-11D3-BF4B-00C04F79EFBC}") = "L7EFCodeFirst", "L7EFCodeFirst\L7EFCodeFirst.csproj", "{448A8A4F-13B5-499D-A6A7-878387EECA36}"
EndProject
Project("{FAE04EC0-301F-11D3-BF4B-00C04F79EFBC}") = "L9InterfaceScenario", "L9InterfaceScenario\L9InterfaceScenario.csproj", "{1DC68C48-9A99-43FF-B6D3-97A4692502B6}"
EndProject
Project("{FAE04EC0-301F-11D3-BF4B-00C04F79EFBC}") = "ServiceAutoWcfServiceLibrary", "ServiceAutoWcfServiceLibrary\ServiceAutoWcfServiceLibrary.csproj", "{3082E35D-59FE-4816-BAB1-6F73B82B003F}"
EndProject
Project("{FAE04EC0-301F-11D3-BF4B-00C04F79EFBC}") = "ServiceAutoWcfHost", "ServiceAutoWcfHost\ServiceAutoWcfHost.csproj", "{A9D33874-7B0E-4F82-907B-ED541A4C7D1F}"
EndProject
Global
	GlobalSection(SolutionConfigurationPlatforms) = preSolution
		Debug|Any CPU = Debug|Any CPU
		Release|Any CPU = Release|Any CPU
	EndGlobalSection
	GlobalSection(ProjectConfigurationPlatforms) = postSolution
		{652E303C-A3B5-4386-B2C7-EF2F26595F5D}.Debug|Any CPU.ActiveCfg = Debug|Any CPU
		{652E303C-A3B5-4386-B2C7-EF2F26595F5D}.Debug|Any CPU.Build.0 = Debug|Any CPU
		{652E303C-A3B5-4386-B2C7-EF2F26595F5D}.Release|Any CPU.ActiveCfg = Release|Any CPU
		{652E303C-A3B5-4386-B2C7-EF2F26595F5D}.Release|Any CPU.Build.0 = Release|Any CPU
		{0BDD9C51-01B7-416D-BDBD-1BCAFADE23F3}.Debug|Any CPU.ActiveCfg = Debug|Any CPU
		{0BDD9C51-01B7-416D-BDBD-1BCAFADE23F3}.Debug|Any CPU.Build.0 = Debug|Any CPU
		{0BDD9C51-01B7-416D-BDBD-1BCAFADE23F3}.Release|Any CPU.ActiveCfg = Release|Any CPU
		{0BDD9C51-01B7-416D-BDBD-1BCAFADE23F3}.Release|Any CPU.Build.0 = Release|Any CPU
		{32895C7C-74E1-4E9E-A41A-B7AC91F8E6FD}.Debug|Any CPU.ActiveCfg = Debug|Any CPU
		{32895C7C-74E1-4E9E-A41A-B7AC91F8E6FD}.Debug|Any CPU.Build.0 = Debug|Any CPU
		{32895C7C-74E1-4E9E-A41A-B7AC91F8E6FD}.Release|Any CPU.ActiveCfg = Release|Any CPU
		{32895C7C-74E1-4E9E-A41A-B7AC91F8E6FD}.Release|Any CPU.Build.0 = Release|Any CPU
		{565B9D4D-98BD-454B-8661-A708EDFA98C1}.Debug|Any CPU.ActiveCfg = Debug|Any CPU
		{565B9D4D-98BD-454B-8661-A708EDFA98C1}.Debug|Any CPU.Build.0 = Debug|Any CPU
		{565B9D4D-98BD-454B-8661-A708EDFA98C1}.Release|Any CPU.ActiveCfg = Release|Any CPU
		{565B9D4D-98BD-454B-8661-A708EDFA98C1}.Release|Any CPU.Build.0 = Release|Any CPU
		{4CFA7767-8886-4DE4-B6E5-0DFACC5A82BC}.Debug|Any CPU.ActiveCfg = Debug|Any CPU
		{4CFA7767-8886-4DE4-B6E5-0DFACC5A82BC}.Debug|Any CPU.Build.0 = Debug|Any CPU
		{4CFA7767-8886-4DE4-B6E5-0DFACC5A82BC}.Release|Any CPU.ActiveCfg = Release|Any CPU
		{4CFA7767-8886-4DE4-B6E5-0DFACC5A82BC}.Release|Any CPU.Build.0 = Release|Any CPU
		{448A8A4F-13B5-499D-A6A7-878387EECA36}.Debug|Any CPU.ActiveCfg = Debug|Any CPU
		{448A8A4F-13B5-499D-A6A7-878387EECA36}.Debug|Any CPU.Build.0 = Debug|Any CPU
		{448A8A4F-13B5-499D-A6A7-878387EECA36}.Release|Any CPU.ActiveCfg = Release|Any CPU
		{448A8A4F-13B5-499D-A6A7-878387EECA36}.Release|Any CPU.Build.0 = Release|Any CPU
		{1DC68C48-9A99-43FF-B6D3-97A4692502B6}.Debug|Any CPU.ActiveCfg = Debug|Any CPU
		{1DC68C48-9A99-43FF-B6D3-97A4692502B6}.Debug|Any CPU.Build.0 = Debug|Any CPU
		{1DC68C48-9A99-43FF-B6D3-97A4692502B6}.Release|Any CPU.ActiveCfg = Release|Any CPU
		{1DC68C48-9A99-43FF-B6D3-97A4692502B6}.Release|Any CPU.Build.0 = Release|Any CPU
		{3082E35D-59FE-4816-BAB1-6F73B82B003F}.Debug|Any CPU.ActiveCfg = Debug|Any CPU
		{3082E35D-59FE-4816-BAB1-6F73B82B003F}.Debug|Any CPU.Build.0 = Debug|Any CPU
		{3082E35D-59FE-4816-BAB1-6F73B82B003F}.Release|Any CPU.ActiveCfg = Release|Any CPU
		{3082E35D-59FE-4816-BAB1-6F73B82B003F}.Release|Any CPU.Build.0 = Release|Any CPU
		{A9D33874-7B0E-4F82-907B-ED541A4C7D1F}.Debug|Any CPU.ActiveCfg = Debug|Any CPU
		{A9D33874-7B0E-4F82-907B-ED541A4C7D1F}.Debug|Any CPU.Build.0 = Debug|Any CPU
		{A9D33874-7B0E-4F82-907B-ED541A4C7D1F}.Release|Any CPU.ActiveCfg = Release|Any CPU
		{A9D33874-7B0E-4F82-907B-ED541A4C7D1F}.Release|Any CPU.Build.0 = Release|Any CPU
	EndGlobalSection
	GlobalSection(SolutionProperties) = preSolution
		HideSolutionNode = FALSE
	EndGlobalSection
	GlobalSection(ExtensibilityGlobals) = postSolution
		SolutionGuid = {92644097-A92B-4043-99E4-2D3F5249B3A1}
	EndGlobalSection
EndGlobal
